
Microsoft Visual Studio Solution File, Format Version 12.00
# Visual Studio Version 16
VisualStudioVersion = 16.0.33927.289
MinimumVisualStudioVersion = 10.0.40219.1
Project("{8BC9CEB8-8B4A-11D0-8D11-00A0C91BC942}") = "lab_7_zad_2_l5z2dmas", "lab_7_zad_2_l5z2dmas\lab_7_zad_2_l5z2dmas.vcxproj", "{EC59F814-AFBE-4B9F-B130-95C5DD310009}"
EndProject
Global
	GlobalSection(SolutionConfigurationPlatforms) = preSolution
		Debug|x64 = Debug|x64
		Debug|x86 = Debug|x86
		Release|x64 = Release|x64
		Release|x86 = Release|x86
	EndGlobalSection
	GlobalSection(ProjectConfigurationPlatforms) = postSolution
		{EC59F814-AFBE-4B9F-B130-95C5DD310009}.Debug|x64.ActiveCfg = Debug|x64
		{EC59F814-AFBE-4B9F-B130-95C5DD310009}.Debug|x64.Build.0 = Debug|x64
		{EC59F814-AFBE-4B9F-B130-95C5DD310009}.Debug|x86.ActiveCfg = Debug|Win32
		{EC59F814-AFBE-4B9F-B130-95C5DD310009}.Debug|x86.Build.0 = Debug|Win32
		{EC59F814-AFBE-4B9F-B130-95C5DD310009}.Release|x64.ActiveCfg = Release|x64
		{EC59F814-AFBE-4B9F-B130-95C5DD310009}.Release|x64.Build.0 = Release|x64
		{EC59F814-AFBE-4B9F-B130-95C5DD310009}.Release|x86.ActiveCfg = Release|Win32
		{EC59F814-AFBE-4B9F-B130-95C5DD310009}.Release|x86.Build.0 = Release|Win32
	EndGlobalSection
	GlobalSection(SolutionProperties) = preSolution
		HideSolutionNode = FALSE
	EndGlobalSection
	GlobalSection(ExtensibilityGlobals) = postSolution
		SolutionGuid = {D7C86244-B9C1-4294-B4E7-D37CBF8DF8AB}
	EndGlobalSection
EndGlobal
